{
  "name": "29-triple-slash-directives-global",
  "version": "1.0.0",
  "lockfileVersion": 1,
  "requires": true,
  "dependencies": {
    "@types/node": {
      "version": "12.0.1",
      "resolved": "https://registry.npmjs.org/@types/node/-/node-12.0.1.tgz",
      "integrity": "sha512-7sy7DKVJrCTbaAERJZq/CU12bzdmpjRr321/Ne9QmzhB3iZ//L16Cizcni5hHNbANxDbxwMb9EFoWkM8KPkp0A==",
      "dev": true
    }
  }
}
